# This file is automatically @generated by Cargo.
# It is not intended for manual editing.
version = 4

[[package]]
name = "mulciber"
version = "0.1.0"

[[package]]
name = "mulciber-metal-info"
version = "0.0.0"

[[package]]
name = "mulciber-metal-triangle"
version = "0.0.0"

[[package]]
name = "mulciber-platform"
version = "0.0.0"

[[package]]
name = "mulciber-vulkan-info"
version = "0.0.0"

[[package]]
name = "mulciber-vulkan-win32-triangle"
version = "0.0.0"
