# This file is automatically @generated by Cargo.
# It is not intended for manual editing.
version = 4

[[package]]
name = "zinc-gpu"
version = "0.0.0"

[[package]]
name = "zinc-metal-info"
version = "0.0.0"

[[package]]
name = "zinc-metal-triangle"
version = "0.0.0"

[[package]]
name = "zinc-platform"
version = "0.0.0"

[[package]]
name = "zinc-vulkan-win32-triangle"
version = "0.0.0"
